
Microsoft Visual Studio Solution File, Format Version 12.00
# Visual Studio Version 16
VisualStudioVersion = 16.0.31729.503
MinimumVisualStudioVersion = 10.0.40219.1
Project("{FAE04EC0-301F-11D3-BF4B-00C04F79EFBC}") = "eticaretuygulamasi", "eticaretuygulamasi.csproj", "{C41FE631-5CA8-42BA-A331-033588967651}"
EndProject
Global
	GlobalSection(SolutionConfigurationPlatforms) = preSolution
		Debug|Any CPU = Debug|Any CPU
		Release|Any CPU = Release|Any CPU
	EndGlobalSection
	GlobalSection(ProjectConfigurationPlatforms) = postSolution
		{C41FE631-5CA8-42BA-A331-033588967651}.Debug|Any CPU.ActiveCfg = Debug|Any CPU
		{C41FE631-5CA8-42BA-A331-033588967651}.Debug|Any CPU.Build.0 = Debug|Any CPU
		{C41FE631-5CA8-42BA-A331-033588967651}.Release|Any CPU.ActiveCfg = Release|Any CPU
		{C41FE631-5CA8-42BA-A331-033588967651}.Release|Any CPU.Build.0 = Release|Any CPU
	EndGlobalSection
	GlobalSection(SolutionProperties) = preSolution
		HideSolutionNode = FALSE
	EndGlobalSection
	GlobalSection(ExtensibilityGlobals) = postSolution
		SolutionGuid = {859576FD-EF68-4D17-A2BC-EC0577CC51EE}
	EndGlobalSection
EndGlobal
